<?xml version="1.0" encoding="utf-8"?>
<Project ToolsVersion="4.0" xmlns="http://schemas.microsoft.com/developer/msbuild/2003">
  <ItemGroup>
    <Filter Include="Source Files">
      <UniqueIdentifier>{dd4728f2-9c9c-4de2-ab44-f53172f0a432}</UniqueIdentifier>
      <Extensions>cpp;c;cxx;rc;def;r;odl;idl;hpj;bat</Extensions>
    </Filter>
    <Filter Include="Header Files">
      <UniqueIdentifier>{bb2d4586-18ab-4ca0-9c05-5e0331cbf603}</UniqueIdentifier>
      <Extensions>h;hpp;hxx;hm;inl</Extensions>
    </Filter>
    <Filter Include="Resource Files">
      <UniqueIdentifier>{ee194301-0beb-4511-8e0b-8462b9eb3c73}</UniqueIdentifier>
      <Extensions>ico;cur;bmp;dlg;rc2;rct;bin;rgs;gif;jpg;jpeg;jpe</Extensions>
    </Filter>
  </ItemGroup>
  <ItemGroup>
    <ClCompile Include="..\src\dcc.c">
      <Filter>Source Files</Filter>
    </ClCompile>
    <ClCompile Include="..\src\dcc_header.c">
      <Filter>Source Files</Filter>
    </ClCompile>
    <ClCompile Include="..\src\general_data.c">
      <Filter>Source Files</Filter>
    </ClCompile>
    <ClCompile Include="..\src\tools.c">
      <Filter>Source Files</Filter>
    </ClCompile>
    <ClCompile Include="..\src\typedef.c">
      <Filter>Source Files</Filter>
    </ClCompile>
    <ClCompile Include="..\src\usecase.c">
      <Filter>Source Files</Filter>
    </ClCompile>
    <ClCompile Include="..\src\write_dtp.c">
      <Filter>Source Files</Filter>
    </ClCompile>
    <ClCompile Include="..\src\write_header.c">
      <Filter>Source Files</Filter>
    </ClCompile>
    <ClCompile Include="..\src\write_parser.c">
      <Filter>Source Files</Filter>
    </ClCompile>
  </ItemGroup>
  <ItemGroup>
    <ClInclude Include="..\inc\ctypes.h">
      <Filter>Header Files</Filter>
    </ClInclude>
    <ClInclude Include="..\inc\dcc_defs.h">
      <Filter>Header Files</Filter>
    </ClInclude>
    <ClInclude Include="..\inc\expat.h">
      <Filter>Header Files</Filter>
    </ClInclude>
    <ClInclude Include="..\inc\expat_external.h">
      <Filter>Header Files</Filter>
    </ClInclude>
    <ClInclude Include="..\fw_to_dcc.h">
      <Filter>Header Files</Filter>
    </ClInclude>
    <ClInclude Include="..\inc\private.h">
      <Filter>Header Files</Filter>
    </ClInclude>
    <ClInclude Include="..\inc\tools.h">
      <Filter>Header Files</Filter>
    </ClInclude>
    <ClInclude Include="..\inc\write_dtp.h">
      <Filter>Header Files</Filter>
    </ClInclude>
  </ItemGroup>
</Project>