
Microsoft Visual Studio Solution File, Format Version 11.00
# Visual C++ Express 2010
Project("{8BC9CEB8-8B4A-11D0-8D11-00A0C91BC942}") = "dcc_gen_win", "dcc_gen_win.vcxproj", "{B01C1CAF-BBE6-4B58-B120-41858CA9FCA1}"
EndProject
Global
	GlobalSection(SolutionConfigurationPlatforms) = preSolution
		Debug|Win32 = Debug|Win32
		Release|Win32 = Release|Win32
	EndGlobalSection
	GlobalSection(ProjectConfigurationPlatforms) = postSolution
		{B01C1CAF-BBE6-4B58-B120-41858CA9FCA1}.Debug|Win32.ActiveCfg = Release|Win32
		{B01C1CAF-BBE6-4B58-B120-41858CA9FCA1}.Debug|Win32.Build.0 = Release|Win32
		{B01C1CAF-BBE6-4B58-B120-41858CA9FCA1}.Release|Win32.ActiveCfg = Release|Win32
		{B01C1CAF-BBE6-4B58-B120-41858CA9FCA1}.Release|Win32.Build.0 = Release|Win32
	EndGlobalSection
	GlobalSection(SolutionProperties) = preSolution
		HideSolutionNode = FALSE
	EndGlobalSection
EndGlobal
